
Microsoft Visual Studio Solution File, Format Version 12.00
# Visual Studio Version 17
VisualStudioVersion = 17.10.35122.118
MinimumVisualStudioVersion = 10.0.40219.1
Project("{FAE04EC0-301F-11D3-BF4B-00C04F79EFBC}") = "Api", "Api\Api.csproj", "{683712CF-2593-4F3F-804E-D5903F74D4C9}"
EndProject
Project("{FAE04EC0-301F-11D3-BF4B-00C04F79EFBC}") = "TestAPI", "TestAPI\TestAPI.csproj", "{70CF943D-8A37-40A8-B29B-10314E207455}"
EndProject
Global
	GlobalSection(SolutionConfigurationPlatforms) = preSolution
		Debug|Any CPU = Debug|Any CPU
		Release|Any CPU = Release|Any CPU
	EndGlobalSection
	GlobalSection(ProjectConfigurationPlatforms) = postSolution
		{683712CF-2593-4F3F-804E-D5903F74D4C9}.Debug|Any CPU.ActiveCfg = Debug|Any CPU
		{683712CF-2593-4F3F-804E-D5903F74D4C9}.Debug|Any CPU.Build.0 = Debug|Any CPU
		{683712CF-2593-4F3F-804E-D5903F74D4C9}.Release|Any CPU.ActiveCfg = Release|Any CPU
		{683712CF-2593-4F3F-804E-D5903F74D4C9}.Release|Any CPU.Build.0 = Release|Any CPU
		{70CF943D-8A37-40A8-B29B-10314E207455}.Debug|Any CPU.ActiveCfg = Debug|Any CPU
		{70CF943D-8A37-40A8-B29B-10314E207455}.Debug|Any CPU.Build.0 = Debug|Any CPU
		{70CF943D-8A37-40A8-B29B-10314E207455}.Release|Any CPU.ActiveCfg = Release|Any CPU
		{70CF943D-8A37-40A8-B29B-10314E207455}.Release|Any CPU.Build.0 = Release|Any CPU
	EndGlobalSection
	GlobalSection(SolutionProperties) = preSolution
		HideSolutionNode = FALSE
	EndGlobalSection
	GlobalSection(ExtensibilityGlobals) = postSolution
		SolutionGuid = {398C15AB-51E5-4A1A-9540-00670DFC7A83}
	EndGlobalSection
EndGlobal
